// !$*UTF8*$!
{
	archiveVersion = 1;
	classes = {
	};
	objectVersion = 46;
	objects = {

/* Begin PBXBuildFile section */
		82E773E2181B1032A1BED2E6 /* Pods_NKJModalSelector_Demo.framework in Frameworks */ = {isa = PBXBuildFile; fileRef = 575290A6BD0B20398B678BD9 /* Pods_NKJModalSelector_Demo.framework */; };
		DC3DA9561C440B3E004531BC /* main.m in Sources */ = {isa = PBXBuildFile; fileRef = DC3DA9551C440B3E004531BC /* main.m */; };
		DC3DA9611C440B3E004531BC /* Assets.xcassets in Resources */ = {isa = PBXBuildFile; fileRef = DC3DA9601C440B3E004531BC /* Assets.xcassets */; };
		DC3DA9811C440C7D004531BC /* NKJDetailViewController.m in Sources */ = {isa = PBXBuildFile; fileRef = DC3DA97A1C440C7D004531BC /* NKJDetailViewController.m */; };
		DC3DA9821C440C7D004531BC /* NKJModalSelector-Info.plist in Resources */ = {isa = PBXBuildFile; fileRef = DC3DA97B1C440C7D004531BC /* NKJModalSelector-Info.plist */; };
		DC3DA9831C440C7D004531BC /* NKJModalTableViewController.m in Sources */ = {isa = PBXBuildFile; fileRef = DC3DA97E1C440C7D004531BC /* NKJModalTableViewController.m */; };
		DC3DA9841C440C7D004531BC /* NKJViewController.m in Sources */ = {isa = PBXBuildFile; fileRef = DC3DA9801C440C7D004531BC /* NKJViewController.m */; };
		DC3DA9871C440DED004531BC /* Launch Screen.storyboard in Resources */ = {isa = PBXBuildFile; fileRef = DC3DA9851C440DED004531BC /* Launch Screen.storyboard */; };
		DC3DA9881C440DED004531BC /* Main.storyboard in Resources */ = {isa = PBXBuildFile; fileRef = DC3DA9861C440DED004531BC /* Main.storyboard */; };
		DC3DA98B1C440E07004531BC /* NKJAppDelegate.m in Sources */ = {isa = PBXBuildFile; fileRef = DC3DA98A1C440E07004531BC /* NKJAppDelegate.m */; };
		DC54325E1C621C6300612AE3 /* NKJModalSelector_DemoUITests.swift in Sources */ = {isa = PBXBuildFile; fileRef = DC54325D1C621C6300612AE3 /* NKJModalSelector_DemoUITests.swift */; };
		DC75CF161DA2A95000BB68CE /* NKJTabBarViewController.m in Sources */ = {isa = PBXBuildFile; fileRef = DC75CF151DA2A95000BB68CE /* NKJTabBarViewController.m */; };
		E6CF0FC4CB84B275E813E710 /* Pods_NKJModalSelector_DemoUITests.framework in Frameworks */ = {isa = PBXBuildFile; fileRef = 9CE7EEDD12B8D840B303FE5D /* Pods_NKJModalSelector_DemoUITests.framework */; };
/* End PBXBuildFile section */

/* Begin PBXContainerItemProxy section */
		DC5432601C621C6300612AE3 /* PBXContainerItemProxy */ = {
			isa = PBXContainerItemProxy;
			containerPortal = DC3DA9491C440B3E004531BC /* Project object */;
			proxyType = 1;
			remoteGlobalIDString = DC3DA9501C440B3E004531BC;
			remoteInfo = "NKJModalSelector-Demo";
		};
/* End PBXContainerItemProxy section */

/* Begin PBXFileReference section */
		575290A6BD0B20398B678BD9 /* Pods_NKJModalSelector_Demo.framework */ = {isa = PBXFileReference; explicitFileType = wrapper.framework; includeInIndex = 0; path = Pods_NKJModalSelector_Demo.framework; sourceTree = BUILT_PRODUCTS_DIR; };
		6B9FF504D04ACC2430AFB06C /* Pods-NKJModalSelector-DemoUITests.release.xcconfig */ = {isa = PBXFileReference; includeInIndex = 1; lastKnownFileType = text.xcconfig; name = "Pods-NKJModalSelector-DemoUITests.release.xcconfig"; path = "Pods/Target Support Files/Pods-NKJModalSelector-DemoUITests/Pods-NKJModalSelector-DemoUITests.release.xcconfig"; sourceTree = "<group>"; };
		9CE7EEDD12B8D840B303FE5D /* Pods_NKJModalSelector_DemoUITests.framework */ = {isa = PBXFileReference; explicitFileType = wrapper.framework; includeInIndex = 0; path = Pods_NKJModalSelector_DemoUITests.framework; sourceTree = BUILT_PRODUCTS_DIR; };
		AEB73AEA641D3EA6D224609E /* Pods-NKJModalSelector-Demo.debug.xcconfig */ = {isa = PBXFileReference; includeInIndex = 1; lastKnownFileType = text.xcconfig; name = "Pods-NKJModalSelector-Demo.debug.xcconfig"; path = "Pods/Target Support Files/Pods-NKJModalSelector-Demo/Pods-NKJModalSelector-Demo.debug.xcconfig"; sourceTree = "<group>"; };
		CC3BB9F89ED74A502D75558A /* Pods-NKJModalSelector-Demo.release.xcconfig */ = {isa = PBXFileReference; includeInIndex = 1; lastKnownFileType = text.xcconfig; name = "Pods-NKJModalSelector-Demo.release.xcconfig"; path = "Pods/Target Support Files/Pods-NKJModalSelector-Demo/Pods-NKJModalSelector-Demo.release.xcconfig"; sourceTree = "<group>"; };
		D49BE7F3B44EBB11931ABEC9 /* Pods-NKJModalSelector-DemoUITests.debug.xcconfig */ = {isa = PBXFileReference; includeInIndex = 1; lastKnownFileType = text.xcconfig; name = "Pods-NKJModalSelector-DemoUITests.debug.xcconfig"; path = "Pods/Target Support Files/Pods-NKJModalSelector-DemoUITests/Pods-NKJModalSelector-DemoUITests.debug.xcconfig"; sourceTree = "<group>"; };
		DC3DA9511C440B3E004531BC /* NKJModalSelector-Demo.app */ = {isa = PBXFileReference; explicitFileType = wrapper.application; includeInIndex = 0; path = "NKJModalSelector-Demo.app"; sourceTree = BUILT_PRODUCTS_DIR; };
		DC3DA9551C440B3E004531BC /* main.m */ = {isa = PBXFileReference; lastKnownFileType = sourcecode.c.objc; path = main.m; sourceTree = "<group>"; };
		DC3DA9601C440B3E004531BC /* Assets.xcassets */ = {isa = PBXFileReference; lastKnownFileType = folder.assetcatalog; path = Assets.xcassets; sourceTree = "<group>"; };
		DC3DA9651C440B3E004531BC /* Info.plist */ = {isa = PBXFileReference; lastKnownFileType = text.plist.xml; path = Info.plist; sourceTree = "<group>"; };
		DC3DA9791C440C7D004531BC /* NKJDetailViewController.h */ = {isa = PBXFileReference; fileEncoding = 4; lastKnownFileType = sourcecode.c.h; path = NKJDetailViewController.h; sourceTree = "<group>"; };
		DC3DA97A1C440C7D004531BC /* NKJDetailViewController.m */ = {isa = PBXFileReference; fileEncoding = 4; lastKnownFileType = sourcecode.c.objc; path = NKJDetailViewController.m; sourceTree = "<group>"; };
		DC3DA97B1C440C7D004531BC /* NKJModalSelector-Info.plist */ = {isa = PBXFileReference; fileEncoding = 4; lastKnownFileType = text.plist.xml; path = "NKJModalSelector-Info.plist"; sourceTree = "<group>"; };
		DC3DA97C1C440C7D004531BC /* NKJModalSelector-Prefix.pch */ = {isa = PBXFileReference; fileEncoding = 4; lastKnownFileType = sourcecode.c.h; path = "NKJModalSelector-Prefix.pch"; sourceTree = "<group>"; };
		DC3DA97D1C440C7D004531BC /* NKJModalTableViewController.h */ = {isa = PBXFileReference; fileEncoding = 4; lastKnownFileType = sourcecode.c.h; path = NKJModalTableViewController.h; sourceTree = "<group>"; };
		DC3DA97E1C440C7D004531BC /* NKJModalTableViewController.m */ = {isa = PBXFileReference; fileEncoding = 4; lastKnownFileType = sourcecode.c.objc; path = NKJModalTableViewController.m; sourceTree = "<group>"; };
		DC3DA97F1C440C7D004531BC /* NKJViewController.h */ = {isa = PBXFileReference; fileEncoding = 4; lastKnownFileType = sourcecode.c.h; path = NKJViewController.h; sourceTree = "<group>"; };
		DC3DA9801C440C7D004531BC /* NKJViewController.m */ = {isa = PBXFileReference; fileEncoding = 4; lastKnownFileType = sourcecode.c.objc; path = NKJViewController.m; sourceTree = "<group>"; };
		DC3DA9851C440DED004531BC /* Launch Screen.storyboard */ = {isa = PBXFileReference; fileEncoding = 4; lastKnownFileType = file.storyboard; path = "Launch Screen.storyboard"; sourceTree = "<group>"; };
		DC3DA9861C440DED004531BC /* Main.storyboard */ = {isa = PBXFileReference; fileEncoding = 4; lastKnownFileType = file.storyboard; path = Main.storyboard; sourceTree = "<group>"; };
		DC3DA9891C440E07004531BC /* NKJAppDelegate.h */ = {isa = PBXFileReference; fileEncoding = 4; lastKnownFileType = sourcecode.c.h; path = NKJAppDelegate.h; sourceTree = "<group>"; };
		DC3DA98A1C440E07004531BC /* NKJAppDelegate.m */ = {isa = PBXFileReference; fileEncoding = 4; lastKnownFileType = sourcecode.c.objc; path = NKJAppDelegate.m; sourceTree = "<group>"; };
		DC54325B1C621C6300612AE3 /* NKJModalSelector-DemoUITests.xctest */ = {isa = PBXFileReference; explicitFileType = wrapper.cfbundle; includeInIndex = 0; path = "NKJModalSelector-DemoUITests.xctest"; sourceTree = BUILT_PRODUCTS_DIR; };
		DC54325D1C621C6300612AE3 /* NKJModalSelector_DemoUITests.swift */ = {isa = PBXFileReference; lastKnownFileType = sourcecode.swift; path = NKJModalSelector_DemoUITests.swift; sourceTree = "<group>"; };
		DC54325F1C621C6300612AE3 /* Info.plist */ = {isa = PBXFileReference; lastKnownFileType = text.plist.xml; path = Info.plist; sourceTree = "<group>"; };
		DC75CF141DA2A95000BB68CE /* NKJTabBarViewController.h */ = {isa = PBXFileReference; fileEncoding = 4; lastKnownFileType = sourcecode.c.h; path = NKJTabBarViewController.h; sourceTree = "<group>"; };
		DC75CF151DA2A95000BB68CE /* NKJTabBarViewController.m */ = {isa = PBXFileReference; fileEncoding = 4; lastKnownFileType = sourcecode.c.objc; path = NKJTabBarViewController.m; sourceTree = "<group>"; };
/* End PBXFileReference section */

/* Begin PBXFrameworksBuildPhase section */
		DC3DA94E1C440B3E004531BC /* Frameworks */ = {
			isa = PBXFrameworksBuildPhase;
			buildActionMask = 2147483647;
			files = (
				82E773E2181B1032A1BED2E6 /* Pods_NKJModalSelector_Demo.framework in Frameworks */,
			);
			runOnlyForDeploymentPostprocessing = 0;
		};
		DC5432581C621C6300612AE3 /* Frameworks */ = {
			isa = PBXFrameworksBuildPhase;
			buildActionMask = 2147483647;
			files = (
				E6CF0FC4CB84B275E813E710 /* Pods_NKJModalSelector_DemoUITests.framework in Frameworks */,
			);
			runOnlyForDeploymentPostprocessing = 0;
		};
/* End PBXFrameworksBuildPhase section */

/* Begin PBXGroup section */
		32E86055152CB231E9A544BD /* Frameworks */ = {
			isa = PBXGroup;
			children = (
				575290A6BD0B20398B678BD9 /* Pods_NKJModalSelector_Demo.framework */,
				9CE7EEDD12B8D840B303FE5D /* Pods_NKJModalSelector_DemoUITests.framework */,
			);
			name = Frameworks;
			sourceTree = "<group>";
		};
		B86B152756027BEA0E33BA74 /* Pods */ = {
			isa = PBXGroup;
			children = (
				AEB73AEA641D3EA6D224609E /* Pods-NKJModalSelector-Demo.debug.xcconfig */,
				CC3BB9F89ED74A502D75558A /* Pods-NKJModalSelector-Demo.release.xcconfig */,
				D49BE7F3B44EBB11931ABEC9 /* Pods-NKJModalSelector-DemoUITests.debug.xcconfig */,
				6B9FF504D04ACC2430AFB06C /* Pods-NKJModalSelector-DemoUITests.release.xcconfig */,
			);
			name = Pods;
			sourceTree = "<group>";
		};
		DC3DA9481C440B3E004531BC = {
			isa = PBXGroup;
			children = (
				DC3DA9531C440B3E004531BC /* NKJModalSelector-Demo */,
				DC54325C1C621C6300612AE3 /* NKJModalSelector-DemoUITests */,
				DC3DA9521C440B3E004531BC /* Products */,
				B86B152756027BEA0E33BA74 /* Pods */,
				32E86055152CB231E9A544BD /* Frameworks */,
			);
			sourceTree = "<group>";
		};
		DC3DA9521C440B3E004531BC /* Products */ = {
			isa = PBXGroup;
			children = (
				DC3DA9511C440B3E004531BC /* NKJModalSelector-Demo.app */,
				DC54325B1C621C6300612AE3 /* NKJModalSelector-DemoUITests.xctest */,
			);
			name = Products;
			sourceTree = "<group>";
		};
		DC3DA9531C440B3E004531BC /* NKJModalSelector-Demo */ = {
			isa = PBXGroup;
			children = (
				DC3DA97B1C440C7D004531BC /* NKJModalSelector-Info.plist */,
				DC3DA97C1C440C7D004531BC /* NKJModalSelector-Prefix.pch */,
				DC3DA9891C440E07004531BC /* NKJAppDelegate.h */,
				DC3DA98A1C440E07004531BC /* NKJAppDelegate.m */,
				DC3DA9601C440B3E004531BC /* Assets.xcassets */,
				DC3DA9851C440DED004531BC /* Launch Screen.storyboard */,
				DC3DA9861C440DED004531BC /* Main.storyboard */,
				DC3DA9651C440B3E004531BC /* Info.plist */,
				DC3DA9791C440C7D004531BC /* NKJDetailViewController.h */,
				DC3DA97A1C440C7D004531BC /* NKJDetailViewController.m */,
				DC3DA97D1C440C7D004531BC /* NKJModalTableViewController.h */,
				DC3DA97E1C440C7D004531BC /* NKJModalTableViewController.m */,
				DC75CF141DA2A95000BB68CE /* NKJTabBarViewController.h */,
				DC75CF151DA2A95000BB68CE /* NKJTabBarViewController.m */,
				DC3DA97F1C440C7D004531BC /* NKJViewController.h */,
				DC3DA9801C440C7D004531BC /* NKJViewController.m */,
				DC3DA9541C440B3E004531BC /* Supporting Files */,
			);
			path = "NKJModalSelector-Demo";
			sourceTree = "<group>";
		};
		DC3DA9541C440B3E004531BC /* Supporting Files */ = {
			isa = PBXGroup;
			children = (
				DC3DA9551C440B3E004531BC /* main.m */,
			);
			name = "Supporting Files";
			sourceTree = "<group>";
		};
		DC54325C1C621C6300612AE3 /* NKJModalSelector-DemoUITests */ = {
			isa = PBXGroup;
			children = (
				DC54325D1C621C6300612AE3 /* NKJModalSelector_DemoUITests.swift */,
				DC54325F1C621C6300612AE3 /* Info.plist */,
			);
			path = "NKJModalSelector-DemoUITests";
			sourceTree = "<group>";
		};
/* End PBXGroup section */

/* Begin PBXNativeTarget section */
		DC3DA9501C440B3E004531BC /* NKJModalSelector-Demo */ = {
			isa = PBXNativeTarget;
			buildConfigurationList = DC3DA9731C440B3E004531BC /* Build configuration list for PBXNativeTarget "NKJModalSelector-Demo" */;
			buildPhases = (
				33ECE161C6EC348C7C45885A /* [CP] Check Pods Manifest.lock */,
				DC3DA94D1C440B3E004531BC /* Sources */,
				DC3DA94E1C440B3E004531BC /* Frameworks */,
				DC3DA94F1C440B3E004531BC /* Resources */,
				FFAABD34AD124FAEA99E151D /* [CP] Embed Pods Frameworks */,
				974A7079D168058C79D702FC /* [CP] Copy Pods Resources */,
			);
			buildRules = (
			);
			dependencies = (
			);
			name = "NKJModalSelector-Demo";
			productName = "NKJModalSelector-Demo";
			productReference = DC3DA9511C440B3E004531BC /* NKJModalSelector-Demo.app */;
			productType = "com.apple.product-type.application";
		};
		DC54325A1C621C6300612AE3 /* NKJModalSelector-DemoUITests */ = {
			isa = PBXNativeTarget;
			buildConfigurationList = DC5432621C621C6300612AE3 /* Build configuration list for PBXNativeTarget "NKJModalSelector-DemoUITests" */;
			buildPhases = (
				193BCACEDF513D9EBFDE241C /* [CP] Check Pods Manifest.lock */,
				DC5432571C621C6300612AE3 /* Sources */,
				DC5432581C621C6300612AE3 /* Frameworks */,
				DC5432591C621C6300612AE3 /* Resources */,
				B2C842BD24901ECAECCEAB68 /* [CP] Copy Pods Resources */,
				BDE65E5E0AB0B61F1954A71B /* [CP] Embed Pods Frameworks */,
			);
			buildRules = (
			);
			dependencies = (
				DC5432611C621C6300612AE3 /* PBXTargetDependency */,
			);
			name = "NKJModalSelector-DemoUITests";
			productName = "NKJModalSelector-DemoUITests";
			productReference = DC54325B1C621C6300612AE3 /* NKJModalSelector-DemoUITests.xctest */;
			productType = "com.apple.product-type.bundle.ui-testing";
		};
/* End PBXNativeTarget section */

/* Begin PBXProject section */
		DC3DA9491C440B3E004531BC /* Project object */ = {
			isa = PBXProject;
			attributes = {
				LastSwiftUpdateCheck = 0720;
				LastUpgradeCheck = 0720;
				ORGANIZATIONNAME = nakajijapan;
				TargetAttributes = {
					DC3DA9501C440B3E004531BC = {
						CreatedOnToolsVersion = 7.2;
						DevelopmentTeam = CNE5C4C374;
					};
					DC54325A1C621C6300612AE3 = {
						CreatedOnToolsVersion = 7.2;
						LastSwiftMigration = 0810;
						TestTargetID = DC3DA9501C440B3E004531BC;
					};
				};
			};
			buildConfigurationList = DC3DA94C1C440B3E004531BC /* Build configuration list for PBXProject "NKJModalSelector-Demo" */;
			compatibilityVersion = "Xcode 3.2";
			developmentRegion = English;
			hasScannedForEncodings = 0;
			knownRegions = (
				en,
				Base,
			);
			mainGroup = DC3DA9481C440B3E004531BC;
			productRefGroup = DC3DA9521C440B3E004531BC /* Products */;
			projectDirPath = "";
			projectRoot = "";
			targets = (
				DC3DA9501C440B3E004531BC /* NKJModalSelector-Demo */,
				DC54325A1C621C6300612AE3 /* NKJModalSelector-DemoUITests */,
			);
		};
/* End PBXProject section */

/* Begin PBXResourcesBuildPhase section */
		DC3DA94F1C440B3E004531BC /* Resources */ = {
			isa = PBXResourcesBuildPhase;
			buildActionMask = 2147483647;
			files = (
				DC3DA9871C440DED004531BC /* Launch Screen.storyboard in Resources */,
				DC3DA9611C440B3E004531BC /* Assets.xcassets in Resources */,
				DC3DA9821C440C7D004531BC /* NKJModalSelector-Info.plist in Resources */,
				DC3DA9881C440DED004531BC /* Main.storyboard in Resources */,
			);
			runOnlyForDeploymentPostprocessing = 0;
		};
		DC5432591C621C6300612AE3 /* Resources */ = {
			isa = PBXResourcesBuildPhase;
			buildActionMask = 2147483647;
			files = (
			);
			runOnlyForDeploymentPostprocessing = 0;
		};
/* End PBXResourcesBuildPhase section */

/* Begin PBXShellScriptBuildPhase section */
		193BCACEDF513D9EBFDE241C /* [CP] Check Pods Manifest.lock */ = {
			isa = PBXShellScriptBuildPhase;
			buildActionMask = 2147483647;
			files = (
			);
			inputPaths = (
			);
			name = "[CP] Check Pods Manifest.lock";
			outputPaths = (
			);
			runOnlyForDeploymentPostprocessing = 0;
			shellPath = /bin/sh;
			shellScript = "diff \"${PODS_ROOT}/../Podfile.lock\" \"${PODS_ROOT}/Manifest.lock\" > /dev/null\nif [ $? != 0 ] ; then\n    # print error to STDERR\n    echo \"error: The sandbox is not in sync with the Podfile.lock. Run 'pod install' or update your CocoaPods installation.\" >&2\n    exit 1\nfi\n";
			showEnvVarsInLog = 0;
		};
		33ECE161C6EC348C7C45885A /* [CP] Check Pods Manifest.lock */ = {
			isa = PBXShellScriptBuildPhase;
			buildActionMask = 2147483647;
			files = (
			);
			inputPaths = (
			);
			name = "[CP] Check Pods Manifest.lock";
			outputPaths = (
			);
			runOnlyForDeploymentPostprocessing = 0;
			shellPath = /bin/sh;
			shellScript = "diff \"${PODS_ROOT}/../Podfile.lock\" \"${PODS_ROOT}/Manifest.lock\" > /dev/null\nif [ $? != 0 ] ; then\n    # print error to STDERR\n    echo \"error: The sandbox is not in sync with the Podfile.lock. Run 'pod install' or update your CocoaPods installation.\" >&2\n    exit 1\nfi\n";
			showEnvVarsInLog = 0;
		};
		974A7079D168058C79D702FC /* [CP] Copy Pods Resources */ = {
			isa = PBXShellScriptBuildPhase;
			buildActionMask = 2147483647;
			files = (
			);
			inputPaths = (
			);
			name = "[CP] Copy Pods Resources";
			outputPaths = (
			);
			runOnlyForDeploymentPostprocessing = 0;
			shellPath = /bin/sh;
			shellScript = "\"${SRCROOT}/Pods/Target Support Files/Pods-NKJModalSelector-Demo/Pods-NKJModalSelector-Demo-resources.sh\"\n";
			showEnvVarsInLog = 0;
		};
		B2C842BD24901ECAECCEAB68 /* [CP] Copy Pods Resources */ = {
			isa = PBXShellScriptBuildPhase;
			buildActionMask = 2147483647;
			files = (
			);
			inputPaths = (
			);
			name = "[CP] Copy Pods Resources";
			outputPaths = (
			);
			runOnlyForDeploymentPostprocessing = 0;
			shellPath = /bin/sh;
			shellScript = "\"${SRCROOT}/Pods/Target Support Files/Pods-NKJModalSelector-DemoUITests/Pods-NKJModalSelector-DemoUITests-resources.sh\"\n";
			showEnvVarsInLog = 0;
		};
		BDE65E5E0AB0B61F1954A71B /* [CP] Embed Pods Frameworks */ = {
			isa = PBXShellScriptBuildPhase;
			buildActionMask = 2147483647;
			files = (
			);
			inputPaths = (
			);
			name = "[CP] Embed Pods Frameworks";
			outputPaths = (
			);
			runOnlyForDeploymentPostprocessing = 0;
			shellPath = /bin/sh;
			shellScript = "\"${SRCROOT}/Pods/Target Support Files/Pods-NKJModalSelector-DemoUITests/Pods-NKJModalSelector-DemoUITests-frameworks.sh\"\n";
			showEnvVarsInLog = 0;
		};
		FFAABD34AD124FAEA99E151D /* [CP] Embed Pods Frameworks */ = {
			isa = PBXShellScriptBuildPhase;
			buildActionMask = 2147483647;
			files = (
			);
			inputPaths = (
			);
			name = "[CP] Embed Pods Frameworks";
			outputPaths = (
			);
			runOnlyForDeploymentPostprocessing = 0;
			shellPath = /bin/sh;
			shellScript = "\"${SRCROOT}/Pods/Target Support Files/Pods-NKJModalSelector-Demo/Pods-NKJModalSelector-Demo-frameworks.sh\"\n";
			showEnvVarsInLog = 0;
		};
/* End PBXShellScriptBuildPhase section */

/* Begin PBXSourcesBuildPhase section */
		DC3DA94D1C440B3E004531BC /* Sources */ = {
			isa = PBXSourcesBuildPhase;
			buildActionMask = 2147483647;
			files = (
				DC3DA9561C440B3E004531BC /* main.m in Sources */,
				DC3DA98B1C440E07004531BC /* NKJAppDelegate.m in Sources */,
				DC3DA9811C440C7D004531BC /* NKJDetailViewController.m in Sources */,
				DC3DA9831C440C7D004531BC /* NKJModalTableViewController.m in Sources */,
				DC75CF161DA2A95000BB68CE /* NKJTabBarViewController.m in Sources */,
				DC3DA9841C440C7D004531BC /* NKJViewController.m in Sources */,
			);
			runOnlyForDeploymentPostprocessing = 0;
		};
		DC5432571C621C6300612AE3 /* Sources */ = {
			isa = PBXSourcesBuildPhase;
			buildActionMask = 2147483647;
			files = (
				DC54325E1C621C6300612AE3 /* NKJModalSelector_DemoUITests.swift in Sources */,
			);
			runOnlyForDeploymentPostprocessing = 0;
		};
/* End PBXSourcesBuildPhase section */

/* Begin PBXTargetDependency section */
		DC5432611C621C6300612AE3 /* PBXTargetDependency */ = {
			isa = PBXTargetDependency;
			target = DC3DA9501C440B3E004531BC /* NKJModalSelector-Demo */;
			targetProxy = DC5432601C621C6300612AE3 /* PBXContainerItemProxy */;
		};
/* End PBXTargetDependency section */

/* Begin XCBuildConfiguration section */
		DC3DA9711C440B3E004531BC /* Debug */ = {
			isa = XCBuildConfiguration;
			buildSettings = {
				ALWAYS_SEARCH_USER_PATHS = NO;
				CLANG_CXX_LANGUAGE_STANDARD = "gnu++0x";
				CLANG_CXX_LIBRARY = "libc++";
				CLANG_ENABLE_MODULES = YES;
				CLANG_ENABLE_OBJC_ARC = YES;
				CLANG_WARN_BOOL_CONVERSION = YES;
				CLANG_WARN_CONSTANT_CONVERSION = YES;
				CLANG_WARN_DIRECT_OBJC_ISA_USAGE = YES_ERROR;
				CLANG_WARN_EMPTY_BODY = YES;
				CLANG_WARN_ENUM_CONVERSION = YES;
				CLANG_WARN_INT_CONVERSION = YES;
				CLANG_WARN_OBJC_ROOT_CLASS = YES_ERROR;
				CLANG_WARN_UNREACHABLE_CODE = YES;
				CLANG_WARN__DUPLICATE_METHOD_MATCH = YES;
				"CODE_SIGN_IDENTITY[sdk=iphoneos*]" = "iPhone Developer";
				COPY_PHASE_STRIP = NO;
				DEBUG_INFORMATION_FORMAT = dwarf;
				ENABLE_STRICT_OBJC_MSGSEND = YES;
				ENABLE_TESTABILITY = YES;
				GCC_C_LANGUAGE_STANDARD = gnu99;
				GCC_DYNAMIC_NO_PIC = NO;
				GCC_NO_COMMON_BLOCKS = YES;
				GCC_OPTIMIZATION_LEVEL = 0;
				GCC_PREPROCESSOR_DEFINITIONS = (
					"DEBUG=1",
					"$(inherited)",
				);
				GCC_WARN_64_TO_32_BIT_CONVERSION = YES;
				GCC_WARN_ABOUT_RETURN_TYPE = YES_ERROR;
				GCC_WARN_UNDECLARED_SELECTOR = YES;
				GCC_WARN_UNINITIALIZED_AUTOS = YES_AGGRESSIVE;
				GCC_WARN_UNUSED_FUNCTION = YES;
				GCC_WARN_UNUSED_VARIABLE = YES;
				IPHONEOS_DEPLOYMENT_TARGET = 9.2;
				MTL_ENABLE_DEBUG_INFO = YES;
				ONLY_ACTIVE_ARCH = YES;
				SDKROOT = iphoneos;
			};
			name = Debug;
		};
		DC3DA9721C440B3E004531BC /* Release */ = {
			isa = XCBuildConfiguration;
			buildSettings = {
				ALWAYS_SEARCH_USER_PATHS = NO;
				CLANG_CXX_LANGUAGE_STANDARD = "gnu++0x";
				CLANG_CXX_LIBRARY = "libc++";
				CLANG_ENABLE_MODULES = YES;
				CLANG_ENABLE_OBJC_ARC = YES;
				CLANG_WARN_BOOL_CONVERSION = YES;
				CLANG_WARN_CONSTANT_CONVERSION = YES;
				CLANG_WARN_DIRECT_OBJC_ISA_USAGE = YES_ERROR;
				CLANG_WARN_EMPTY_BODY = YES;
				CLANG_WARN_ENUM_CONVERSION = YES;
				CLANG_WARN_INT_CONVERSION = YES;
				CLANG_WARN_OBJC_ROOT_CLASS = YES_ERROR;
				CLANG_WARN_UNREACHABLE_CODE = YES;
				CLANG_WARN__DUPLICATE_METHOD_MATCH = YES;
				"CODE_SIGN_IDENTITY[sdk=iphoneos*]" = "iPhone Developer";
				COPY_PHASE_STRIP = NO;
				DEBUG_INFORMATION_FORMAT = "dwarf-with-dsym";
				ENABLE_NS_ASSERTIONS = NO;
				ENABLE_STRICT_OBJC_MSGSEND = YES;
				GCC_C_LANGUAGE_STANDARD = gnu99;
				GCC_NO_COMMON_BLOCKS = YES;
				GCC_WARN_64_TO_32_BIT_CONVERSION = YES;
				GCC_WARN_ABOUT_RETURN_TYPE = YES_ERROR;
				GCC_WARN_UNDECLARED_SELECTOR = YES;
				GCC_WARN_UNINITIALIZED_AUTOS = YES_AGGRESSIVE;
				GCC_WARN_UNUSED_FUNCTION = YES;
				GCC_WARN_UNUSED_VARIABLE = YES;
				IPHONEOS_DEPLOYMENT_TARGET = 9.2;
				MTL_ENABLE_DEBUG_INFO = NO;
				SDKROOT = iphoneos;
				VALIDATE_PRODUCT = YES;
			};
			name = Release;
		};
		DC3DA9741C440B3E004531BC /* Debug */ = {
			isa = XCBuildConfiguration;
			baseConfigurationReference = AEB73AEA641D3EA6D224609E /* Pods-NKJModalSelector-Demo.debug.xcconfig */;
			buildSettings = {
				ASSETCATALOG_COMPILER_APPICON_NAME = AppIcon;
				CODE_SIGN_IDENTITY = "iPhone Developer";
				"CODE_SIGN_IDENTITY[sdk=iphoneos*]" = "iPhone Developer";
				INFOPLIST_FILE = "NKJModalSelector-Demo/Info.plist";
				IPHONEOS_DEPLOYMENT_TARGET = 8.0;
				LD_RUNPATH_SEARCH_PATHS = "$(inherited) @executable_path/Frameworks";
				PRODUCT_BUNDLE_IDENTIFIER = "net.nakajijapan.NKJModalSelector-Demo";
				PRODUCT_NAME = "$(TARGET_NAME)";
				PROVISIONING_PROFILE = "";
				TARGETED_DEVICE_FAMILY = 1;
			};
			name = Debug;
		};
		DC3DA9751C440B3E004531BC /* Release */ = {
			isa = XCBuildConfiguration;
			baseConfigurationReference = CC3BB9F89ED74A502D75558A /* Pods-NKJModalSelector-Demo.release.xcconfig */;
			buildSettings = {
				ASSETCATALOG_COMPILER_APPICON_NAME = AppIcon;
				CODE_SIGN_IDENTITY = "iPhone Developer";
				"CODE_SIGN_IDENTITY[sdk=iphoneos*]" = "iPhone Developer";
				INFOPLIST_FILE = "NKJModalSelector-Demo/Info.plist";
				IPHONEOS_DEPLOYMENT_TARGET = 8.0;
				LD_RUNPATH_SEARCH_PATHS = "$(inherited) @executable_path/Frameworks";
				PRODUCT_BUNDLE_IDENTIFIER = "net.nakajijapan.NKJModalSelector-Demo";
				PRODUCT_NAME = "$(TARGET_NAME)";
				PROVISIONING_PROFILE = "";
				TARGETED_DEVICE_FAMILY = 1;
			};
			name = Release;
		};
		DC5432631C621C6300612AE3 /* Debug */ = {
			isa = XCBuildConfiguration;
			baseConfigurationReference = D49BE7F3B44EBB11931ABEC9 /* Pods-NKJModalSelector-DemoUITests.debug.xcconfig */;
			buildSettings = {
				INFOPLIST_FILE = "NKJModalSelector-DemoUITests/Info.plist";
				LD_RUNPATH_SEARCH_PATHS = "$(inherited) @executable_path/Frameworks @loader_path/Frameworks";
				PRODUCT_BUNDLE_IDENTIFIER = "net.nakajijapan.NKJModalSelector-DemoUITests";
				PRODUCT_NAME = "$(TARGET_NAME)";
				SWIFT_OPTIMIZATION_LEVEL = "-Onone";
				SWIFT_VERSION = 3.0;
				TEST_TARGET_NAME = "NKJModalSelector-Demo";
				USES_XCTRUNNER = YES;
			};
			name = Debug;
		};
		DC5432641C621C6300612AE3 /* Release */ = {
			isa = XCBuildConfiguration;
			baseConfigurationReference = 6B9FF504D04ACC2430AFB06C /* Pods-NKJModalSelector-DemoUITests.release.xcconfig */;
			buildSettings = {
				INFOPLIST_FILE = "NKJModalSelector-DemoUITests/Info.plist";
				LD_RUNPATH_SEARCH_PATHS = "$(inherited) @executable_path/Frameworks @loader_path/Frameworks";
				PRODUCT_BUNDLE_IDENTIFIER = "net.nakajijapan.NKJModalSelector-DemoUITests";
				PRODUCT_NAME = "$(TARGET_NAME)";
				SWIFT_VERSION = 3.0;
				TEST_TARGET_NAME = "NKJModalSelector-Demo";
				USES_XCTRUNNER = YES;
			};
			name = Release;
		};
/* End XCBuildConfiguration section */

/* Begin XCConfigurationList section */
		DC3DA94C1C440B3E004531BC /* Build configuration list for PBXProject "NKJModalSelector-Demo" */ = {
			isa = XCConfigurationList;
			buildConfigurations = (
				DC3DA9711C440B3E004531BC /* Debug */,
				DC3DA9721C440B3E004531BC /* Release */,
			);
			defaultConfigurationIsVisible = 0;
			defaultConfigurationName = Release;
		};
		DC3DA9731C440B3E004531BC /* Build configuration list for PBXNativeTarget "NKJModalSelector-Demo" */ = {
			isa = XCConfigurationList;
			buildConfigurations = (
				DC3DA9741C440B3E004531BC /* Debug */,
				DC3DA9751C440B3E004531BC /* Release */,
			);
			defaultConfigurationIsVisible = 0;
			defaultConfigurationName = Release;
		};
		DC5432621C621C6300612AE3 /* Build configuration list for PBXNativeTarget "NKJModalSelector-DemoUITests" */ = {
			isa = XCConfigurationList;
			buildConfigurations = (
				DC5432631C621C6300612AE3 /* Debug */,
				DC5432641C621C6300612AE3 /* Release */,
			);
			defaultConfigurationIsVisible = 0;
			defaultConfigurationName = Release;
		};
/* End XCConfigurationList section */
	};
	rootObject = DC3DA9491C440B3E004531BC /* Project object */;
}
